
Microsoft Visual Studio Solution File, Format Version 12.00
# Visual Studio 15
VisualStudioVersion = 15.0.27428.2011
MinimumVisualStudioVersion = 10.0.40219.1
Project("{9A19103F-16F7-4668-BE54-9A1E7A4F7556}") = "PhoneBookServer", "PhoneBookServer\PhoneBookServer.csproj", "{5BB10508-F0E3-4FDF-8D43-F3D0332A8EC4}"
EndProject
Project("{FAE04EC0-301F-11D3-BF4B-00C04F79EFBC}") = "PhoneBook.Models", "PhoneBook.Models\PhoneBook.Models.csproj", "{F35CA38C-130F-4366-935A-9DA56A19B4DE}"
EndProject
Project("{FAE04EC0-301F-11D3-BF4B-00C04F79EFBC}") = "PhoneBookServer.Test", "PhoneBookServer.Test\PhoneBookServer.Test.csproj", "{03850D4C-28DC-4D9F-9B50-AA31E8A6A0A3}"
EndProject
Project("{FAE04EC0-301F-11D3-BF4B-00C04F79EFBC}") = "PhoneBook.DataAccess", "PhoneBook.DataAccess\PhoneBook.DataAccess.csproj", "{86B14119-0B9A-479E-A948-B9D8F17163B7}"
EndProject
Global
	GlobalSection(SolutionConfigurationPlatforms) = preSolution
		Debug|Any CPU = Debug|Any CPU
		Release|Any CPU = Release|Any CPU
	EndGlobalSection
	GlobalSection(ProjectConfigurationPlatforms) = postSolution
		{5BB10508-F0E3-4FDF-8D43-F3D0332A8EC4}.Debug|Any CPU.ActiveCfg = Debug|Any CPU
		{5BB10508-F0E3-4FDF-8D43-F3D0332A8EC4}.Debug|Any CPU.Build.0 = Debug|Any CPU
		{5BB10508-F0E3-4FDF-8D43-F3D0332A8EC4}.Release|Any CPU.ActiveCfg = Release|Any CPU
		{5BB10508-F0E3-4FDF-8D43-F3D0332A8EC4}.Release|Any CPU.Build.0 = Release|Any CPU
		{F35CA38C-130F-4366-935A-9DA56A19B4DE}.Debug|Any CPU.ActiveCfg = Debug|Any CPU
		{F35CA38C-130F-4366-935A-9DA56A19B4DE}.Debug|Any CPU.Build.0 = Debug|Any CPU
		{F35CA38C-130F-4366-935A-9DA56A19B4DE}.Release|Any CPU.ActiveCfg = Release|Any CPU
		{F35CA38C-130F-4366-935A-9DA56A19B4DE}.Release|Any CPU.Build.0 = Release|Any CPU
		{03850D4C-28DC-4D9F-9B50-AA31E8A6A0A3}.Debug|Any CPU.ActiveCfg = Debug|Any CPU
		{03850D4C-28DC-4D9F-9B50-AA31E8A6A0A3}.Debug|Any CPU.Build.0 = Debug|Any CPU
		{03850D4C-28DC-4D9F-9B50-AA31E8A6A0A3}.Release|Any CPU.ActiveCfg = Release|Any CPU
		{03850D4C-28DC-4D9F-9B50-AA31E8A6A0A3}.Release|Any CPU.Build.0 = Release|Any CPU
		{86B14119-0B9A-479E-A948-B9D8F17163B7}.Debug|Any CPU.ActiveCfg = Debug|Any CPU
		{86B14119-0B9A-479E-A948-B9D8F17163B7}.Debug|Any CPU.Build.0 = Debug|Any CPU
		{86B14119-0B9A-479E-A948-B9D8F17163B7}.Release|Any CPU.ActiveCfg = Release|Any CPU
		{86B14119-0B9A-479E-A948-B9D8F17163B7}.Release|Any CPU.Build.0 = Release|Any CPU
	EndGlobalSection
	GlobalSection(SolutionProperties) = preSolution
		HideSolutionNode = FALSE
	EndGlobalSection
	GlobalSection(ExtensibilityGlobals) = postSolution
		SolutionGuid = {B85F1B2A-3BC7-42B4-957E-047C6885DECF}
	EndGlobalSection
EndGlobal
